
Microsoft Visual Studio Solution File, Format Version 12.00
# Visual Studio Version 16
VisualStudioVersion = 16.0.31829.152
MinimumVisualStudioVersion = 10.0.40219.1
Project("{FAE04EC0-301F-11D3-BF4B-00C04F79EFBC}") = "Task18", "Task18\Task18.csproj", "{EBA23B01-9193-4AC2-975D-C67D78F9FE1A}"
EndProject
Global
	GlobalSection(SolutionConfigurationPlatforms) = preSolution
		Debug|Any CPU = Debug|Any CPU
		Release|Any CPU = Release|Any CPU
	EndGlobalSection
	GlobalSection(ProjectConfigurationPlatforms) = postSolution
		{EBA23B01-9193-4AC2-975D-C67D78F9FE1A}.Debug|Any CPU.ActiveCfg = Debug|Any CPU
		{EBA23B01-9193-4AC2-975D-C67D78F9FE1A}.Debug|Any CPU.Build.0 = Debug|Any CPU
		{EBA23B01-9193-4AC2-975D-C67D78F9FE1A}.Release|Any CPU.ActiveCfg = Release|Any CPU
		{EBA23B01-9193-4AC2-975D-C67D78F9FE1A}.Release|Any CPU.Build.0 = Release|Any CPU
	EndGlobalSection
	GlobalSection(SolutionProperties) = preSolution
		HideSolutionNode = FALSE
	EndGlobalSection
	GlobalSection(ExtensibilityGlobals) = postSolution
		SolutionGuid = {CA2474CA-B16E-495B-B59F-F4D8C20EEDAD}
	EndGlobalSection
EndGlobal
